
Microsoft Visual Studio Solution File, Format Version 12.00
# Visual Studio 15
VisualStudioVersion = 15.0.28010.2046
MinimumVisualStudioVersion = 10.0.40219.1
Project("{FAE04EC0-301F-11D3-BF4B-00C04F79EFBC}") = "SitedenVeriCekme", "SitedenVeriCekme\SitedenVeriCekme.csproj", "{7D908D6C-CEC3-4FB5-9CD2-405328E8F112}"
EndProject
Project("{FAE04EC0-301F-11D3-BF4B-00C04F79EFBC}") = "SitedenVeriCekme_xml", "SitedenVeriCekme_xml\SitedenVeriCekme_xml.csproj", "{CD932433-E720-4395-94A1-0BE0DE57790A}"
EndProject
Global
	GlobalSection(SolutionConfigurationPlatforms) = preSolution
		Debug|Any CPU = Debug|Any CPU
		Release|Any CPU = Release|Any CPU
	EndGlobalSection
	GlobalSection(ProjectConfigurationPlatforms) = postSolution
		{7D908D6C-CEC3-4FB5-9CD2-405328E8F112}.Debug|Any CPU.ActiveCfg = Debug|Any CPU
		{7D908D6C-CEC3-4FB5-9CD2-405328E8F112}.Debug|Any CPU.Build.0 = Debug|Any CPU
		{7D908D6C-CEC3-4FB5-9CD2-405328E8F112}.Release|Any CPU.ActiveCfg = Release|Any CPU
		{7D908D6C-CEC3-4FB5-9CD2-405328E8F112}.Release|Any CPU.Build.0 = Release|Any CPU
		{CD932433-E720-4395-94A1-0BE0DE57790A}.Debug|Any CPU.ActiveCfg = Debug|Any CPU
		{CD932433-E720-4395-94A1-0BE0DE57790A}.Debug|Any CPU.Build.0 = Debug|Any CPU
		{CD932433-E720-4395-94A1-0BE0DE57790A}.Release|Any CPU.ActiveCfg = Release|Any CPU
		{CD932433-E720-4395-94A1-0BE0DE57790A}.Release|Any CPU.Build.0 = Release|Any CPU
	EndGlobalSection
	GlobalSection(SolutionProperties) = preSolution
		HideSolutionNode = FALSE
	EndGlobalSection
	GlobalSection(ExtensibilityGlobals) = postSolution
		SolutionGuid = {6679A9DB-7E56-47BE-97E5-5E4F769DB36C}
	EndGlobalSection
EndGlobal
